// !$*UTF8*$!
{
	archiveVersion = 1;
	classes = {
	};
	objectVersion = 56;
	objects = {

/* Begin PBXBuildFile section */
		CE8CD70A2BD459100059E027 /* AppDelegate.swift in Sources */ = {isa = PBXBuildFile; fileRef = CE8CD7092BD459100059E027 /* AppDelegate.swift */; };
		CE8CD70C2BD459100059E027 /* SceneDelegate.swift in Sources */ = {isa = PBXBuildFile; fileRef = CE8CD70B2BD459100059E027 /* SceneDelegate.swift */; };
		CE8CD7112BD459100059E027 /* Base in Resources */ = {isa = PBXBuildFile; fileRef = CE8CD7102BD459100059E027 /* Base */; };
		CE8CD7132BD459110059E027 /* Assets.xcassets in Resources */ = {isa = PBXBuildFile; fileRef = CE8CD7122BD459110059E027 /* Assets.xcassets */; };
		CE8CD7162BD459110059E027 /* Base in Resources */ = {isa = PBXBuildFile; fileRef = CE8CD7152BD459110059E027 /* Base */; };
		CE8CD71E2BD459E70059E027 /* TabBarController.swift in Sources */ = {isa = PBXBuildFile; fileRef = CE8CD71D2BD459E70059E027 /* TabBarController.swift */; };
		CE8CD7202BD45A230059E027 /* CharactersTableViewController.swift in Sources */ = {isa = PBXBuildFile; fileRef = CE8CD71F2BD45A230059E027 /* CharactersTableViewController.swift */; };
		CE8CD7222BD45A3C0059E027 /* CharacterDetailsViewController.swift in Sources */ = {isa = PBXBuildFile; fileRef = CE8CD7212BD45A3C0059E027 /* CharacterDetailsViewController.swift */; };
		CE8CD7242BD45A550059E027 /* SettingsViewController.swift in Sources */ = {isa = PBXBuildFile; fileRef = CE8CD7232BD45A550059E027 /* SettingsViewController.swift */; };
		CE8CD7262BD45A6E0059E027 /* PokemonViewCell.swift in Sources */ = {isa = PBXBuildFile; fileRef = CE8CD7252BD45A6E0059E027 /* PokemonViewCell.swift */; };
		CE8CD7282BD45A8B0059E027 /* NetworkManager.swift in Sources */ = {isa = PBXBuildFile; fileRef = CE8CD7272BD45A8B0059E027 /* NetworkManager.swift */; };
		CE8CD72A2BD45AA80059E027 /* Model.swift in Sources */ = {isa = PBXBuildFile; fileRef = CE8CD7292BD45AA80059E027 /* Model.swift */; };
		CECD587B2BDE2860001DC86A /* NewPokemonViewController.swift in Sources */ = {isa = PBXBuildFile; fileRef = CECD587A2BDE2860001DC86A /* NewPokemonViewController.swift */; };
		CECD587D2BDE36D9001DC86A /* StorageManager.swift in Sources */ = {isa = PBXBuildFile; fileRef = CECD587C2BDE36D9001DC86A /* StorageManager.swift */; };
		CECD58822BDED2C8001DC86A /* Alamofire in Frameworks */ = {isa = PBXBuildFile; productRef = CECD58812BDED2C8001DC86A /* Alamofire */; };
		CECD58842BDED2C8001DC86A /* AlamofireDynamic in Frameworks */ = {isa = PBXBuildFile; productRef = CECD58832BDED2C8001DC86A /* AlamofireDynamic */; };
		CECD58872BDFA4FA001DC86A /* Kingfisher in Frameworks */ = {isa = PBXBuildFile; productRef = CECD58862BDFA4FA001DC86A /* Kingfisher */; };
/* End PBXBuildFile section */

/* Begin PBXFileReference section */
		CE8CD7062BD459100059E027 /* NewProject.app */ = {isa = PBXFileReference; explicitFileType = wrapper.application; includeInIndex = 0; path = NewProject.app; sourceTree = BUILT_PRODUCTS_DIR; };
		CE8CD7092BD459100059E027 /* AppDelegate.swift */ = {isa = PBXFileReference; lastKnownFileType = sourcecode.swift; path = AppDelegate.swift; sourceTree = "<group>"; };
		CE8CD70B2BD459100059E027 /* SceneDelegate.swift */ = {isa = PBXFileReference; lastKnownFileType = sourcecode.swift; path = SceneDelegate.swift; sourceTree = "<group>"; };
		CE8CD7102BD459100059E027 /* Base */ = {isa = PBXFileReference; lastKnownFileType = file.storyboard; name = Base; path = Base.lproj/Main.storyboard; sourceTree = "<group>"; };
		CE8CD7122BD459110059E027 /* Assets.xcassets */ = {isa = PBXFileReference; lastKnownFileType = folder.assetcatalog; path = Assets.xcassets; sourceTree = "<group>"; };
		CE8CD7152BD459110059E027 /* Base */ = {isa = PBXFileReference; lastKnownFileType = file.storyboard; name = Base; path = Base.lproj/LaunchScreen.storyboard; sourceTree = "<group>"; };
		CE8CD7172BD459110059E027 /* Info.plist */ = {isa = PBXFileReference; lastKnownFileType = text.plist.xml; path = Info.plist; sourceTree = "<group>"; };
		CE8CD71D2BD459E70059E027 /* TabBarController.swift */ = {isa = PBXFileReference; lastKnownFileType = sourcecode.swift; path = TabBarController.swift; sourceTree = "<group>"; };
		CE8CD71F2BD45A230059E027 /* CharactersTableViewController.swift */ = {isa = PBXFileReference; lastKnownFileType = sourcecode.swift; path = CharactersTableViewController.swift; sourceTree = "<group>"; };
		CE8CD7212BD45A3C0059E027 /* CharacterDetailsViewController.swift */ = {isa = PBXFileReference; lastKnownFileType = sourcecode.swift; path = CharacterDetailsViewController.swift; sourceTree = "<group>"; };
		CE8CD7232BD45A550059E027 /* SettingsViewController.swift */ = {isa = PBXFileReference; lastKnownFileType = sourcecode.swift; path = SettingsViewController.swift; sourceTree = "<group>"; };
		CE8CD7252BD45A6E0059E027 /* PokemonViewCell.swift */ = {isa = PBXFileReference; lastKnownFileType = sourcecode.swift; path = PokemonViewCell.swift; sourceTree = "<group>"; };
		CE8CD7272BD45A8B0059E027 /* NetworkManager.swift */ = {isa = PBXFileReference; lastKnownFileType = sourcecode.swift; path = NetworkManager.swift; sourceTree = "<group>"; };
		CE8CD7292BD45AA80059E027 /* Model.swift */ = {isa = PBXFileReference; lastKnownFileType = sourcecode.swift; path = Model.swift; sourceTree = "<group>"; };
		CECD587A2BDE2860001DC86A /* NewPokemonViewController.swift */ = {isa = PBXFileReference; lastKnownFileType = sourcecode.swift; path = NewPokemonViewController.swift; sourceTree = "<group>"; };
		CECD587C2BDE36D9001DC86A /* StorageManager.swift */ = {isa = PBXFileReference; lastKnownFileType = sourcecode.swift; path = StorageManager.swift; sourceTree = "<group>"; };
/* End PBXFileReference section */

/* Begin PBXFrameworksBuildPhase section */
		CE8CD7032BD459100059E027 /* Frameworks */ = {
			isa = PBXFrameworksBuildPhase;
			buildActionMask = 2147483647;
			files = (
				CECD58872BDFA4FA001DC86A /* Kingfisher in Frameworks */,
				CECD58822BDED2C8001DC86A /* Alamofire in Frameworks */,
				CECD58842BDED2C8001DC86A /* AlamofireDynamic in Frameworks */,
			);
			runOnlyForDeploymentPostprocessing = 0;
		};
/* End PBXFrameworksBuildPhase section */

/* Begin PBXGroup section */
		CE8CD6FD2BD459100059E027 = {
			isa = PBXGroup;
			children = (
				CE8CD7082BD459100059E027 /* NewProject */,
				CE8CD7072BD459100059E027 /* Products */,
			);
			sourceTree = "<group>";
		};
		CE8CD7072BD459100059E027 /* Products */ = {
			isa = PBXGroup;
			children = (
				CE8CD7062BD459100059E027 /* NewProject.app */,
			);
			name = Products;
			sourceTree = "<group>";
		};
		CE8CD7082BD459100059E027 /* NewProject */ = {
			isa = PBXGroup;
			children = (
				CE8CD7172BD459110059E027 /* Info.plist */,
				CE8CD7092BD459100059E027 /* AppDelegate.swift */,
				CE8CD70B2BD459100059E027 /* SceneDelegate.swift */,
				CE8CD7142BD459110059E027 /* LaunchScreen.storyboard */,
				CE8CD70F2BD459100059E027 /* Main.storyboard */,
				CE8CD71F2BD45A230059E027 /* CharactersTableViewController.swift */,
				CECD587C2BDE36D9001DC86A /* StorageManager.swift */,
				CECD587A2BDE2860001DC86A /* NewPokemonViewController.swift */,
				CE8CD7212BD45A3C0059E027 /* CharacterDetailsViewController.swift */,
				CE8CD7232BD45A550059E027 /* SettingsViewController.swift */,
				CE8CD71D2BD459E70059E027 /* TabBarController.swift */,
				CE8CD7252BD45A6E0059E027 /* PokemonViewCell.swift */,
				CE8CD7292BD45AA80059E027 /* Model.swift */,
				CE8CD7272BD45A8B0059E027 /* NetworkManager.swift */,
				CE8CD7122BD459110059E027 /* Assets.xcassets */,
			);
			path = NewProject;
			sourceTree = "<group>";
		};
/* End PBXGroup section */

/* Begin PBXNativeTarget section */
		CE8CD7052BD459100059E027 /* NewProject */ = {
			isa = PBXNativeTarget;
			buildConfigurationList = CE8CD71A2BD459110059E027 /* Build configuration list for PBXNativeTarget "NewProject" */;
			buildPhases = (
				CE8CD7022BD459100059E027 /* Sources */,
				CE8CD7032BD459100059E027 /* Frameworks */,
				CE8CD7042BD459100059E027 /* Resources */,
			);
			buildRules = (
			);
			dependencies = (
			);
			name = NewProject;
			packageProductDependencies = (
				CECD58812BDED2C8001DC86A /* Alamofire */,
				CECD58832BDED2C8001DC86A /* AlamofireDynamic */,
				CECD58862BDFA4FA001DC86A /* Kingfisher */,
			);
			productName = NewProject;
			productReference = CE8CD7062BD459100059E027 /* NewProject.app */;
			productType = "com.apple.product-type.application";
		};
/* End PBXNativeTarget section */

/* Begin PBXProject section */
		CE8CD6FE2BD459100059E027 /* Project object */ = {
			isa = PBXProject;
			attributes = {
				BuildIndependentTargetsInParallel = 1;
				LastSwiftUpdateCheck = 1530;
				LastUpgradeCheck = 1530;
				TargetAttributes = {
					CE8CD7052BD459100059E027 = {
						CreatedOnToolsVersion = 15.3;
					};
				};
			};
			buildConfigurationList = CE8CD7012BD459100059E027 /* Build configuration list for PBXProject "NewProject" */;
			compatibilityVersion = "Xcode 14.0";
			developmentRegion = en;
			hasScannedForEncodings = 0;
			knownRegions = (
				en,
				Base,
			);
			mainGroup = CE8CD6FD2BD459100059E027;
			packageReferences = (
				CECD58802BDED2C8001DC86A /* XCRemoteSwiftPackageReference "Alamofire" */,
				CECD58852BDFA4FA001DC86A /* XCRemoteSwiftPackageReference "Kingfisher" */,
			);
			productRefGroup = CE8CD7072BD459100059E027 /* Products */;
			projectDirPath = "";
			projectRoot = "";
			targets = (
				CE8CD7052BD459100059E027 /* NewProject */,
			);
		};
/* End PBXProject section */

/* Begin PBXResourcesBuildPhase section */
		CE8CD7042BD459100059E027 /* Resources */ = {
			isa = PBXResourcesBuildPhase;
			buildActionMask = 2147483647;
			files = (
				CE8CD7132BD459110059E027 /* Assets.xcassets in Resources */,
				CE8CD7162BD459110059E027 /* Base in Resources */,
				CE8CD7112BD459100059E027 /* Base in Resources */,
			);
			runOnlyForDeploymentPostprocessing = 0;
		};
/* End PBXResourcesBuildPhase section */

/* Begin PBXSourcesBuildPhase section */
		CE8CD7022BD459100059E027 /* Sources */ = {
			isa = PBXSourcesBuildPhase;
			buildActionMask = 2147483647;
			files = (
				CE8CD72A2BD45AA80059E027 /* Model.swift in Sources */,
				CE8CD71E2BD459E70059E027 /* TabBarController.swift in Sources */,
				CECD587D2BDE36D9001DC86A /* StorageManager.swift in Sources */,
				CE8CD7202BD45A230059E027 /* CharactersTableViewController.swift in Sources */,
				CE8CD7222BD45A3C0059E027 /* CharacterDetailsViewController.swift in Sources */,
				CE8CD7262BD45A6E0059E027 /* PokemonViewCell.swift in Sources */,
				CE8CD7282BD45A8B0059E027 /* NetworkManager.swift in Sources */,
				CE8CD70A2BD459100059E027 /* AppDelegate.swift in Sources */,
				CECD587B2BDE2860001DC86A /* NewPokemonViewController.swift in Sources */,
				CE8CD70C2BD459100059E027 /* SceneDelegate.swift in Sources */,
				CE8CD7242BD45A550059E027 /* SettingsViewController.swift in Sources */,
			);
			runOnlyForDeploymentPostprocessing = 0;
		};
/* End PBXSourcesBuildPhase section */

/* Begin PBXVariantGroup section */
		CE8CD70F2BD459100059E027 /* Main.storyboard */ = {
			isa = PBXVariantGroup;
			children = (
				CE8CD7102BD459100059E027 /* Base */,
			);
			name = Main.storyboard;
			sourceTree = "<group>";
		};
		CE8CD7142BD459110059E027 /* LaunchScreen.storyboard */ = {
			isa = PBXVariantGroup;
			children = (
				CE8CD7152BD459110059E027 /* Base */,
			);
			name = LaunchScreen.storyboard;
			sourceTree = "<group>";
		};
/* End PBXVariantGroup section */

/* Begin XCBuildConfiguration section */
		CE8CD7182BD459110059E027 /* Debug */ = {
			isa = XCBuildConfiguration;
			buildSettings = {
				ALWAYS_SEARCH_USER_PATHS = NO;
				ASSETCATALOG_COMPILER_GENERATE_SWIFT_ASSET_SYMBOL_EXTENSIONS = YES;
				CLANG_ANALYZER_NONNULL = YES;
				CLANG_ANALYZER_NUMBER_OBJECT_CONVERSION = YES_AGGRESSIVE;
				CLANG_CXX_LANGUAGE_STANDARD = "gnu++20";
				CLANG_ENABLE_MODULES = YES;
				CLANG_ENABLE_OBJC_ARC = YES;
				CLANG_ENABLE_OBJC_WEAK = YES;
				CLANG_WARN_BLOCK_CAPTURE_AUTORELEASING = YES;
				CLANG_WARN_BOOL_CONVERSION = YES;
				CLANG_WARN_COMMA = YES;
				CLANG_WARN_CONSTANT_CONVERSION = YES;
				CLANG_WARN_DEPRECATED_OBJC_IMPLEMENTATIONS = YES;
				CLANG_WARN_DIRECT_OBJC_ISA_USAGE = YES_ERROR;
				CLANG_WARN_DOCUMENTATION_COMMENTS = YES;
				CLANG_WARN_EMPTY_BODY = YES;
				CLANG_WARN_ENUM_CONVERSION = YES;
				CLANG_WARN_INFINITE_RECURSION = YES;
				CLANG_WARN_INT_CONVERSION = YES;
				CLANG_WARN_NON_LITERAL_NULL_CONVERSION = YES;
				CLANG_WARN_OBJC_IMPLICIT_RETAIN_SELF = YES;
				CLANG_WARN_OBJC_LITERAL_CONVERSION = YES;
				CLANG_WARN_OBJC_ROOT_CLASS = YES_ERROR;
				CLANG_WARN_QUOTED_INCLUDE_IN_FRAMEWORK_HEADER = YES;
				CLANG_WARN_RANGE_LOOP_ANALYSIS = YES;
				CLANG_WARN_STRICT_PROTOTYPES = YES;
				CLANG_WARN_SUSPICIOUS_MOVE = YES;
				CLANG_WARN_UNGUARDED_AVAILABILITY = YES_AGGRESSIVE;
				CLANG_WARN_UNREACHABLE_CODE = YES;
				CLANG_WARN__DUPLICATE_METHOD_MATCH = YES;
				COPY_PHASE_STRIP = NO;
				DEBUG_INFORMATION_FORMAT = dwarf;
				ENABLE_STRICT_OBJC_MSGSEND = YES;
				ENABLE_TESTABILITY = YES;
				ENABLE_USER_SCRIPT_SANDBOXING = YES;
				GCC_C_LANGUAGE_STANDARD = gnu17;
				GCC_DYNAMIC_NO_PIC = NO;
				GCC_NO_COMMON_BLOCKS = YES;
				GCC_OPTIMIZATION_LEVEL = 0;
				GCC_PREPROCESSOR_DEFINITIONS = (
					"DEBUG=1",
					"$(inherited)",
				);
				GCC_WARN_64_TO_32_BIT_CONVERSION = YES;
				GCC_WARN_ABOUT_RETURN_TYPE = YES_ERROR;
				GCC_WARN_UNDECLARED_SELECTOR = YES;
				GCC_WARN_UNINITIALIZED_AUTOS = YES_AGGRESSIVE;
				GCC_WARN_UNUSED_FUNCTION = YES;
				GCC_WARN_UNUSED_VARIABLE = YES;
				IPHONEOS_DEPLOYMENT_TARGET = 17.4;
				LOCALIZATION_PREFERS_STRING_CATALOGS = YES;
				MTL_ENABLE_DEBUG_INFO = INCLUDE_SOURCE;
				MTL_FAST_MATH = YES;
				ONLY_ACTIVE_ARCH = YES;
				SDKROOT = iphoneos;
				SWIFT_ACTIVE_COMPILATION_CONDITIONS = "DEBUG $(inherited)";
				SWIFT_OPTIMIZATION_LEVEL = "-Onone";
			};
			name = Debug;
		};
		CE8CD7192BD459110059E027 /* Release */ = {
			isa = XCBuildConfiguration;
			buildSettings = {
				ALWAYS_SEARCH_USER_PATHS = NO;
				ASSETCATALOG_COMPILER_GENERATE_SWIFT_ASSET_SYMBOL_EXTENSIONS = YES;
				CLANG_ANALYZER_NONNULL = YES;
				CLANG_ANALYZER_NUMBER_OBJECT_CONVERSION = YES_AGGRESSIVE;
				CLANG_CXX_LANGUAGE_STANDARD = "gnu++20";
				CLANG_ENABLE_MODULES = YES;
				CLANG_ENABLE_OBJC_ARC = YES;
				CLANG_ENABLE_OBJC_WEAK = YES;
				CLANG_WARN_BLOCK_CAPTURE_AUTORELEASING = YES;
				CLANG_WARN_BOOL_CONVERSION = YES;
				CLANG_WARN_COMMA = YES;
				CLANG_WARN_CONSTANT_CONVERSION = YES;
				CLANG_WARN_DEPRECATED_OBJC_IMPLEMENTATIONS = YES;
				CLANG_WARN_DIRECT_OBJC_ISA_USAGE = YES_ERROR;
				CLANG_WARN_DOCUMENTATION_COMMENTS = YES;
				CLANG_WARN_EMPTY_BODY = YES;
				CLANG_WARN_ENUM_CONVERSION = YES;
				CLANG_WARN_INFINITE_RECURSION = YES;
				CLANG_WARN_INT_CONVERSION = YES;
				CLANG_WARN_NON_LITERAL_NULL_CONVERSION = YES;
				CLANG_WARN_OBJC_IMPLICIT_RETAIN_SELF = YES;
				CLANG_WARN_OBJC_LITERAL_CONVERSION = YES;
				CLANG_WARN_OBJC_ROOT_CLASS = YES_ERROR;
				CLANG_WARN_QUOTED_INCLUDE_IN_FRAMEWORK_HEADER = YES;
				CLANG_WARN_RANGE_LOOP_ANALYSIS = YES;
				CLANG_WARN_STRICT_PROTOTYPES = YES;
				CLANG_WARN_SUSPICIOUS_MOVE = YES;
				CLANG_WARN_UNGUARDED_AVAILABILITY = YES_AGGRESSIVE;
				CLANG_WARN_UNREACHABLE_CODE = YES;
				CLANG_WARN__DUPLICATE_METHOD_MATCH = YES;
				COPY_PHASE_STRIP = NO;
				DEBUG_INFORMATION_FORMAT = "dwarf-with-dsym";
				ENABLE_NS_ASSERTIONS = NO;
				ENABLE_STRICT_OBJC_MSGSEND = YES;
				ENABLE_USER_SCRIPT_SANDBOXING = YES;
				GCC_C_LANGUAGE_STANDARD = gnu17;
				GCC_NO_COMMON_BLOCKS = YES;
				GCC_WARN_64_TO_32_BIT_CONVERSION = YES;
				GCC_WARN_ABOUT_RETURN_TYPE = YES_ERROR;
				GCC_WARN_UNDECLARED_SELECTOR = YES;
				GCC_WARN_UNINITIALIZED_AUTOS = YES_AGGRESSIVE;
				GCC_WARN_UNUSED_FUNCTION = YES;
				GCC_WARN_UNUSED_VARIABLE = YES;
				IPHONEOS_DEPLOYMENT_TARGET = 17.4;
				LOCALIZATION_PREFERS_STRING_CATALOGS = YES;
				MTL_ENABLE_DEBUG_INFO = NO;
				MTL_FAST_MATH = YES;
				SDKROOT = iphoneos;
				SWIFT_COMPILATION_MODE = wholemodule;
				VALIDATE_PRODUCT = YES;
			};
			name = Release;
		};
		CE8CD71B2BD459110059E027 /* Debug */ = {
			isa = XCBuildConfiguration;
			buildSettings = {
				ASSETCATALOG_COMPILER_APPICON_NAME = AppIcon;
				ASSETCATALOG_COMPILER_GLOBAL_ACCENT_COLOR_NAME = AccentColor;
				CODE_SIGN_STYLE = Automatic;
				CURRENT_PROJECT_VERSION = 1;
				DEVELOPMENT_TEAM = R3HT9YNNBP;
				GENERATE_INFOPLIST_FILE = YES;
				INFOPLIST_FILE = NewProject/Info.plist;
				INFOPLIST_KEY_UIApplicationSupportsIndirectInputEvents = YES;
				INFOPLIST_KEY_UILaunchStoryboardName = LaunchScreen;
				INFOPLIST_KEY_UIMainStoryboardFile = Main;
				INFOPLIST_KEY_UISupportedInterfaceOrientations = UIInterfaceOrientationPortrait;
				INFOPLIST_KEY_UISupportedInterfaceOrientations_iPad = "UIInterfaceOrientationLandscapeLeft UIInterfaceOrientationLandscapeRight UIInterfaceOrientationPortrait UIInterfaceOrientationPortraitUpsideDown";
				LD_RUNPATH_SEARCH_PATHS = (
					"$(inherited)",
					"@executable_path/Frameworks",
				);
				MARKETING_VERSION = 1.0;
				PRODUCT_BUNDLE_IDENTIFIER = ru.myfirstgamee.NewProject;
				PRODUCT_NAME = "$(TARGET_NAME)";
				SUPPORTED_PLATFORMS = "iphoneos iphonesimulator";
				SUPPORTS_MACCATALYST = NO;
				SUPPORTS_MAC_DESIGNED_FOR_IPHONE_IPAD = NO;
				SUPPORTS_XR_DESIGNED_FOR_IPHONE_IPAD = NO;
				SWIFT_EMIT_LOC_STRINGS = YES;
				SWIFT_VERSION = 5.0;
				TARGETED_DEVICE_FAMILY = 1;
			};
			name = Debug;
		};
		CE8CD71C2BD459110059E027 /* Release */ = {
			isa = XCBuildConfiguration;
			buildSettings = {
				ASSETCATALOG_COMPILER_APPICON_NAME = AppIcon;
				ASSETCATALOG_COMPILER_GLOBAL_ACCENT_COLOR_NAME = AccentColor;
				CODE_SIGN_STYLE = Automatic;
				CURRENT_PROJECT_VERSION = 1;
				DEVELOPMENT_TEAM = R3HT9YNNBP;
				GENERATE_INFOPLIST_FILE = YES;
				INFOPLIST_FILE = NewProject/Info.plist;
				INFOPLIST_KEY_UIApplicationSupportsIndirectInputEvents = YES;
				INFOPLIST_KEY_UILaunchStoryboardName = LaunchScreen;
				INFOPLIST_KEY_UIMainStoryboardFile = Main;
				INFOPLIST_KEY_UISupportedInterfaceOrientations = UIInterfaceOrientationPortrait;
				INFOPLIST_KEY_UISupportedInterfaceOrientations_iPad = "UIInterfaceOrientationLandscapeLeft UIInterfaceOrientationLandscapeRight UIInterfaceOrientationPortrait UIInterfaceOrientationPortraitUpsideDown";
				LD_RUNPATH_SEARCH_PATHS = (
					"$(inherited)",
					"@executable_path/Frameworks",
				);
				MARKETING_VERSION = 1.0;
				PRODUCT_BUNDLE_IDENTIFIER = ru.myfirstgamee.NewProject;
				PRODUCT_NAME = "$(TARGET_NAME)";
				SUPPORTED_PLATFORMS = "iphoneos iphonesimulator";
				SUPPORTS_MACCATALYST = NO;
				SUPPORTS_MAC_DESIGNED_FOR_IPHONE_IPAD = NO;
				SUPPORTS_XR_DESIGNED_FOR_IPHONE_IPAD = NO;
				SWIFT_EMIT_LOC_STRINGS = YES;
				SWIFT_VERSION = 5.0;
				TARGETED_DEVICE_FAMILY = 1;
			};
			name = Release;
		};
/* End XCBuildConfiguration section */

/* Begin XCConfigurationList section */
		CE8CD7012BD459100059E027 /* Build configuration list for PBXProject "NewProject" */ = {
			isa = XCConfigurationList;
			buildConfigurations = (
				CE8CD7182BD459110059E027 /* Debug */,
				CE8CD7192BD459110059E027 /* Release */,
			);
			defaultConfigurationIsVisible = 0;
			defaultConfigurationName = Release;
		};
		CE8CD71A2BD459110059E027 /* Build configuration list for PBXNativeTarget "NewProject" */ = {
			isa = XCConfigurationList;
			buildConfigurations = (
				CE8CD71B2BD459110059E027 /* Debug */,
				CE8CD71C2BD459110059E027 /* Release */,
			);
			defaultConfigurationIsVisible = 0;
			defaultConfigurationName = Release;
		};
/* End XCConfigurationList section */

/* Begin XCRemoteSwiftPackageReference section */
		CECD58802BDED2C8001DC86A /* XCRemoteSwiftPackageReference "Alamofire" */ = {
			isa = XCRemoteSwiftPackageReference;
			repositoryURL = "https://github.com/Alamofire/Alamofire.git";
			requirement = {
				kind = upToNextMajorVersion;
				minimumVersion = 5.0.0;
			};
		};
		CECD58852BDFA4FA001DC86A /* XCRemoteSwiftPackageReference "Kingfisher" */ = {
			isa = XCRemoteSwiftPackageReference;
			repositoryURL = "https://github.com/onevcat/Kingfisher.git";
			requirement = {
				kind = upToNextMajorVersion;
				minimumVersion = 7.0.0;
			};
		};
/* End XCRemoteSwiftPackageReference section */

/* Begin XCSwiftPackageProductDependency section */
		CECD58812BDED2C8001DC86A /* Alamofire */ = {
			isa = XCSwiftPackageProductDependency;
			package = CECD58802BDED2C8001DC86A /* XCRemoteSwiftPackageReference "Alamofire" */;
			productName = Alamofire;
		};
		CECD58832BDED2C8001DC86A /* AlamofireDynamic */ = {
			isa = XCSwiftPackageProductDependency;
			package = CECD58802BDED2C8001DC86A /* XCRemoteSwiftPackageReference "Alamofire" */;
			productName = AlamofireDynamic;
		};
		CECD58862BDFA4FA001DC86A /* Kingfisher */ = {
			isa = XCSwiftPackageProductDependency;
			package = CECD58852BDFA4FA001DC86A /* XCRemoteSwiftPackageReference "Kingfisher" */;
			productName = Kingfisher;
		};
/* End XCSwiftPackageProductDependency section */
	};
	rootObject = CE8CD6FE2BD459100059E027 /* Project object */;
}
